
Microsoft Visual Studio Solution File, Format Version 12.00
# Visual Studio Version 17
VisualStudioVersion = 17.0.31903.59
MinimumVisualStudioVersion = 10.0.40219.1
Project("{FAE04EC0-301F-11D3-BF4B-00C04F79EFBC}") = "Program", "Program\Program.csproj", "{1865C7BD-F62D-4B2B-A929-D24ADA9A85A9}"
EndProject
Project("{FAE04EC0-301F-11D3-BF4B-00C04F79EFBC}") = "NetworkFlow", "NetworkFlow\NetworkFlow.csproj", "{FEFF09C5-DC94-42C1-ACC3-D22399423744}"
EndProject
Project("{FAE04EC0-301F-11D3-BF4B-00C04F79EFBC}") = "TabuSearch", "TabuSearch\TabuSearch.csproj", "{75FD2939-5643-4136-89AA-8753D8D40BA0}"
EndProject
Project("{FAE04EC0-301F-11D3-BF4B-00C04F79EFBC}") = "Parser", "Parser\Parser.csproj", "{04CA9D5C-CA36-4BF4-BE9F-62F570F0E948}"
EndProject
Project("{FAE04EC0-301F-11D3-BF4B-00C04F79EFBC}") = "Knapsack", "Knapsack\Knapsack.csproj", "{47E0111A-B585-4AD2-B429-9EC97DB3C185}"
EndProject
Project("{FAE04EC0-301F-11D3-BF4B-00C04F79EFBC}") = "Domain", "Domain\Domain.csproj", "{C0FDC391-5C90-4BEB-B352-905324192CA6}"
EndProject
Global
	GlobalSection(SolutionConfigurationPlatforms) = preSolution
		Debug|Any CPU = Debug|Any CPU
		Release|Any CPU = Release|Any CPU
	EndGlobalSection
	GlobalSection(SolutionProperties) = preSolution
		HideSolutionNode = FALSE
	EndGlobalSection
	GlobalSection(ProjectConfigurationPlatforms) = postSolution
		{1865C7BD-F62D-4B2B-A929-D24ADA9A85A9}.Debug|Any CPU.ActiveCfg = Debug|Any CPU
		{1865C7BD-F62D-4B2B-A929-D24ADA9A85A9}.Debug|Any CPU.Build.0 = Debug|Any CPU
		{1865C7BD-F62D-4B2B-A929-D24ADA9A85A9}.Release|Any CPU.ActiveCfg = Release|Any CPU
		{1865C7BD-F62D-4B2B-A929-D24ADA9A85A9}.Release|Any CPU.Build.0 = Release|Any CPU
		{FEFF09C5-DC94-42C1-ACC3-D22399423744}.Debug|Any CPU.ActiveCfg = Debug|Any CPU
		{FEFF09C5-DC94-42C1-ACC3-D22399423744}.Debug|Any CPU.Build.0 = Debug|Any CPU
		{FEFF09C5-DC94-42C1-ACC3-D22399423744}.Release|Any CPU.ActiveCfg = Release|Any CPU
		{FEFF09C5-DC94-42C1-ACC3-D22399423744}.Release|Any CPU.Build.0 = Release|Any CPU
		{75FD2939-5643-4136-89AA-8753D8D40BA0}.Debug|Any CPU.ActiveCfg = Debug|Any CPU
		{75FD2939-5643-4136-89AA-8753D8D40BA0}.Debug|Any CPU.Build.0 = Debug|Any CPU
		{75FD2939-5643-4136-89AA-8753D8D40BA0}.Release|Any CPU.ActiveCfg = Release|Any CPU
		{75FD2939-5643-4136-89AA-8753D8D40BA0}.Release|Any CPU.Build.0 = Release|Any CPU
		{04CA9D5C-CA36-4BF4-BE9F-62F570F0E948}.Debug|Any CPU.ActiveCfg = Debug|Any CPU
		{04CA9D5C-CA36-4BF4-BE9F-62F570F0E948}.Debug|Any CPU.Build.0 = Debug|Any CPU
		{04CA9D5C-CA36-4BF4-BE9F-62F570F0E948}.Release|Any CPU.ActiveCfg = Release|Any CPU
		{04CA9D5C-CA36-4BF4-BE9F-62F570F0E948}.Release|Any CPU.Build.0 = Release|Any CPU
		{47E0111A-B585-4AD2-B429-9EC97DB3C185}.Debug|Any CPU.ActiveCfg = Debug|Any CPU
		{47E0111A-B585-4AD2-B429-9EC97DB3C185}.Debug|Any CPU.Build.0 = Debug|Any CPU
		{47E0111A-B585-4AD2-B429-9EC97DB3C185}.Release|Any CPU.ActiveCfg = Release|Any CPU
		{47E0111A-B585-4AD2-B429-9EC97DB3C185}.Release|Any CPU.Build.0 = Release|Any CPU
		{C0FDC391-5C90-4BEB-B352-905324192CA6}.Debug|Any CPU.ActiveCfg = Debug|Any CPU
		{C0FDC391-5C90-4BEB-B352-905324192CA6}.Debug|Any CPU.Build.0 = Debug|Any CPU
		{C0FDC391-5C90-4BEB-B352-905324192CA6}.Release|Any CPU.ActiveCfg = Release|Any CPU
		{C0FDC391-5C90-4BEB-B352-905324192CA6}.Release|Any CPU.Build.0 = Release|Any CPU
	EndGlobalSection
EndGlobal
